# This file is automatically @generated by Poetry 2.2.1 and should not be changed by hand.

[[package]]
name = "annotated-doc"
version = "0.0.4"
description = "Document parameters, class attributes, return types, and variables inline, with Annotated."
optional = false
python-versions = ">=3.8"
groups = ["main"]
files = [
    {file = "annotated_doc-0.0.4-py3-none-any.whl", hash = "sha256:571ac1dc6991c450b25a9c2d84a3705e2ae7a53467b5d111c24fa8baabbed320"},
    {file = "annotated_doc-0.0.4.tar.gz", hash = "sha256:fbcda96e87e9c92ad167c2e53839e57503ecfda18804ea28102353485033faa4"},
]

[[package]]
name = "annotated-types"
version = "0.7.0"
description = "Reusable constraint types to use with typing.Annotated"
optional = false
python-versions = ">=3.8"
groups = ["main"]
files = [
    {file = "annotated_types-0.7.0-py3-none-any.whl", hash = "sha256:1f02e8b43a8fbbc3f3e0d4f0f4bfc8131bcb4eebe8849b8e5c773f3a1c582a53"},
    {file = "annotated_types-0.7.0.tar.gz", hash = "sha256:aff07c09a53a08bc8cfccb9c85b05f1aa9a2a6f23728d790723543408344ce89"},
]

[[package]]
name = "anyio"
version = "4.12.1"
description = "High-level concurrency and networking framework on top of asyncio or Trio"
optional = false
python-versions = ">=3.9"
groups = ["main"]
files = [
    {file = "anyio-4.12.1-py3-none-any.whl", hash = "sha256:d405828884fc140aa80a3c667b8beed277f1dfedec42ba031bd6ac3db606ab6c"},
    {file = "anyio-4.12.1.tar.gz", hash = "sha256:41cfcc3a4c85d3f05c932da7c26d0201ac36f72abd4435ba90d0464a3ffed703"},
]

[package.dependencies]
idna = ">=2.8"

[package.extras]
trio = ["trio (>=0.31.0) ; python_version < \"3.10\"", "trio (>=0.32.0) ; python_version >= \"3.10\""]

[[package]]
name = "certifi"
version = "2026.2.25"
description = "Python package for providing Mozilla's CA Bundle."
optional = false
python-versions = ">=3.7"
groups = ["main"]
files = [
    {file = "certifi-2026.2.25-py3-none-any.whl", hash = "sha256:027692e4402ad994f1c42e52a4997a9763c646b73e4096e4d5d6db8af1d6f0fa"},
    {file = "certifi-2026.2.25.tar.gz", hash = "sha256:e887ab5cee78ea814d3472169153c2d12cd43b14bd03329a39a9c6e2e80bfba7"},
]

[[package]]
name = "click"
version = "8.3.1"
description = "Composable command line interface toolkit"
optional = false
python-versions = ">=3.10"
groups = ["main"]
files = [
    {file = "click-8.3.1-py3-none-any.whl", hash = "sha256:981153a64e25f12d547d3426c367a4857371575ee7ad18df2a6183ab0545b2a6"},
    {file = "click-8.3.1.tar.gz", hash = "sha256:12ff4785d337a1bb490bb7e9c2b1ee5da3112e94a8622f26a6c77f5d2fc6842a"},
]

[package.dependencies]
colorama = {version = "*", markers = "platform_system == \"Windows\""}

[[package]]
name = "colorama"
version = "0.4.6"
description = "Cross-platform colored terminal text."
optional = false
python-versions = "!=3.0.*,!=3.1.*,!=3.2.*,!=3.3.*,!=3.4.*,!=3.5.*,!=3.6.*,>=2.7"
groups = ["main", "dev"]
files = [
    {file = "colorama-0.4.6-py2.py3-none-any.whl", hash = "sha256:4f1d9991f5acc0ca119f9d443620b77f9d6b33703e51011c16baf57afb285fc6"},
    {file = "colorama-0.4.6.tar.gz", hash = "sha256:08695f5cb7ed6e0531a20572697297273c47b8cae5a63ffc6d6ed5c201be6e44"},
]
markers = {main = "platform_system == \"Windows\""}

[[package]]
name = "h11"
version = "0.16.0"
description = "A pure-Python, bring-your-own-I/O implementation of HTTP/1.1"
optional = false
python-versions = ">=3.8"
groups = ["main"]
files = [
    {file = "h11-0.16.0-py3-none-any.whl", hash = "sha256:63cf8bbe7522de3bf65932fda1d9c2772064ffb3dae62d55932da54b31cb6c86"},
    {file = "h11-0.16.0.tar.gz", hash = "sha256:4e35b956cf45792e4caa5885e69fba00bdbc6ffafbfa020300e549b208ee5ff1"},
]

[[package]]
name = "httpcore"
version = "1.0.9"
description = "A minimal low-level HTTP client."
optional = false
python-versions = ">=3.8"
groups = ["main"]
files = [
    {file = "httpcore-1.0.9-py3-none-any.whl", hash = "sha256:2d400746a40668fc9dec9810239072b40b4484b640a8c38fd654a024c7a1bf55"},
    {file = "httpcore-1.0.9.tar.gz", hash = "sha256:6e34463af53fd2ab5d807f399a9b45ea31c3dfa2276f15a2c3f00afff6e176e8"},
]

[package.dependencies]
certifi = "*"
h11 = ">=0.16"

[package.extras]
asyncio = ["anyio (>=4.0,<5.0)"]
http2 = ["h2 (>=3,<5)"]
socks = ["socksio (==1.*)"]
trio = ["trio (>=0.22.0,<1.0)"]

[[package]]
name = "httpx"
version = "0.28.1"
description = "The next generation HTTP client."
optional = false
python-versions = ">=3.8"
groups = ["main"]
files = [
    {file = "httpx-0.28.1-py3-none-any.whl", hash = "sha256:d909fcccc110f8c7faf814ca82a9a4d816bc5a6dbfea25d6591d6985b8ba59ad"},
    {file = "httpx-0.28.1.tar.gz", hash = "sha256:75e98c5f16b0f35b567856f597f06ff2270a374470a5c2392242528e3e3e42fc"},
]

[package.dependencies]
anyio = "*"
certifi = "*"
httpcore = "==1.*"
idna = "*"

[package.extras]
brotli = ["brotli ; platform_python_implementation == \"CPython\"", "brotlicffi ; platform_python_implementation != \"CPython\""]
cli = ["click (==8.*)", "pygments (==2.*)", "rich (>=10,<14)"]
http2 = ["h2 (>=3,<5)"]
socks = ["socksio (==1.*)"]
zstd = ["zstandard (>=0.18.0)"]

[[package]]
name = "idna"
version = "3.11"
description = "Internationalized Domain Names in Applications (IDNA)"
optional = false
python-versions = ">=3.8"
groups = ["main"]
files = [
    {file = "idna-3.11-py3-none-any.whl", hash = "sha256:771a87f49d9defaf64091e6e6fe9c18d4833f140bd19464795bc32d966ca37ea"},
    {file = "idna-3.11.tar.gz", hash = "sha256:795dafcc9c04ed0c1fb032c2aa73654d8e8c5023a7df64a53f39190ada629902"},
]

[package.extras]
all = ["flake8 (>=7.1.1)", "mypy (>=1.11.2)", "pytest (>=8.3.2)", "ruff (>=0.6.2)"]

[[package]]
name = "markdown-it-py"
version = "4.0.0"
description = "Python port of markdown-it. Markdown parsing, done right!"
optional = false
python-versions = ">=3.10"
groups = ["main"]
files = [
    {file = "markdown_it_py-4.0.0-py3-none-any.whl", hash = "sha256:87327c59b172c5011896038353a81343b6754500a08cd7a4973bb48c6d578147"},
    {file = "markdown_it_py-4.0.0.tar.gz", hash = "sha256:cb0a2b4aa34f932c007117b194e945bd74e0ec24133ceb5bac59009cda1cb9f3"},
]

[package.dependencies]
mdurl = ">=0.1,<1.0"

[package.extras]
benchmarking = ["psutil", "pytest", "pytest-benchmark"]
compare = ["commonmark (>=0.9,<1.0)", "markdown (>=3.4,<4.0)", "markdown-it-pyrs", "mistletoe (>=1.0,<2.0)", "mistune (>=3.0,<4.0)", "panflute (>=2.3,<3.0)"]
linkify = ["linkify-it-py (>=1,<3)"]
plugins = ["mdit-py-plugins (>=0.5.0)"]
profiling = ["gprof2dot"]
rtd = ["ipykernel", "jupyter_sphinx", "mdit-py-plugins (>=0.5.0)", "myst-parser", "pyyaml", "sphinx", "sphinx-book-theme (>=1.0,<2.0)", "sphinx-copybutton", "sphinx-design"]
testing = ["coverage", "pytest", "pytest-cov", "pytest-regressions", "requests"]

[[package]]
name = "mdurl"
version = "0.1.2"
description = "Markdown URL utilities"
optional = false
python-versions = ">=3.7"
groups = ["main"]
files = [
    {file = "mdurl-0.1.2-py3-none-any.whl", hash = "sha256:84008a41e51615a49fc9966191ff91509e3c40b939176e643fd50a5c2196b8f8"},
    {file = "mdurl-0.1.2.tar.gz", hash = "sha256:bb413d29f5eea38f31dd4754dd7377d4465116fb207585f97bf925588687c1ba"},
]

[[package]]
name = "mslex"
version = "1.3.0"
description = "shlex for windows"
optional = false
python-versions = ">=3.5"
groups = ["dev"]
markers = "sys_platform == \"win32\""
files = [
    {file = "mslex-1.3.0-py3-none-any.whl", hash = "sha256:c7074b347201b3466fc077c5692fbce9b5f62a63a51f537a53fbbd02eff2eea4"},
    {file = "mslex-1.3.0.tar.gz", hash = "sha256:641c887d1d3db610eee2af37a8e5abda3f70b3006cdfd2d0d29dc0d1ae28a85d"},
]

[[package]]
name = "prompt-toolkit"
version = "3.0.52"
description = "Library for building powerful interactive command lines in Python"
optional = false
python-versions = ">=3.8"
groups = ["main"]
files = [
    {file = "prompt_toolkit-3.0.52-py3-none-any.whl", hash = "sha256:9aac639a3bbd33284347de5ad8d68ecc044b91a762dc39b7c21095fcd6a19955"},
    {file = "prompt_toolkit-3.0.52.tar.gz", hash = "sha256:28cde192929c8e7321de85de1ddbe736f1375148b02f2e17edd840042b1be855"},
]

[package.dependencies]
wcwidth = "*"

[[package]]
name = "psutil"
version = "6.1.1"
description = "Cross-platform lib for process and system monitoring in Python."
optional = false
python-versions = "!=3.0.*,!=3.1.*,!=3.2.*,!=3.3.*,!=3.4.*,!=3.5.*,>=2.7"
groups = ["dev"]
files = [
    {file = "psutil-6.1.1-cp27-cp27m-macosx_10_9_x86_64.whl", hash = "sha256:9ccc4316f24409159897799b83004cb1e24f9819b0dcf9c0b68bdcb6cefee6a8"},
    {file = "psutil-6.1.1-cp27-cp27m-manylinux2010_i686.whl", hash = "sha256:ca9609c77ea3b8481ab005da74ed894035936223422dc591d6772b147421f777"},
    {file = "psutil-6.1.1-cp27-cp27m-manylinux2010_x86_64.whl", hash = "sha256:8df0178ba8a9e5bc84fed9cfa61d54601b371fbec5c8eebad27575f1e105c0d4"},
    {file = "psutil-6.1.1-cp27-cp27mu-manylinux2010_i686.whl", hash = "sha256:1924e659d6c19c647e763e78670a05dbb7feaf44a0e9c94bf9e14dfc6ba50468"},
    {file = "psutil-6.1.1-cp27-cp27mu-manylinux2010_x86_64.whl", hash = "sha256:018aeae2af92d943fdf1da6b58665124897cfc94faa2ca92098838f83e1b1bca"},
    {file = "psutil-6.1.1-cp27-none-win32.whl", hash = "sha256:6d4281f5bbca041e2292be3380ec56a9413b790579b8e593b1784499d0005dac"},
    {file = "psutil-6.1.1-cp27-none-win_amd64.whl", hash = "sha256:c777eb75bb33c47377c9af68f30e9f11bc78e0f07fbf907be4a5d70b2fe5f030"},
    {file = "psutil-6.1.1-cp36-abi3-macosx_10_9_x86_64.whl", hash = "sha256:fc0ed7fe2231a444fc219b9c42d0376e0a9a1a72f16c5cfa0f68d19f1a0663e8"},
    {file = "psutil-6.1.1-cp36-abi3-macosx_11_0_arm64.whl", hash = "sha256:0bdd4eab935276290ad3cb718e9809412895ca6b5b334f5a9111ee6d9aff9377"},
    {file = "psutil-6.1.1-cp36-abi3-manylinux_2_12_i686.manylinux2010_i686.manylinux_2_17_i686.manylinux2014_i686.whl", hash = "sha256:b6e06c20c05fe95a3d7302d74e7097756d4ba1247975ad6905441ae1b5b66003"},
    {file = "psutil-6.1.1-cp36-abi3-manylinux_2_12_x86_64.manylinux2010_x86_64.manylinux_2_17_x86_64.manylinux2014_x86_64.whl", hash = "sha256:97f7cb9921fbec4904f522d972f0c0e1f4fabbdd4e0287813b21215074a0f160"},
    {file = "psutil-6.1.1-cp36-abi3-manylinux_2_17_aarch64.manylinux2014_aarch64.whl", hash = "sha256:33431e84fee02bc84ea36d9e2c4a6d395d479c9dd9bba2376c1f6ee8f3a4e0b3"},
    {file = "psutil-6.1.1-cp36-cp36m-win32.whl", hash = "sha256:384636b1a64b47814437d1173be1427a7c83681b17a450bfc309a1953e329603"},
    {file = "psutil-6.1.1-cp36-cp36m-win_amd64.whl", hash = "sha256:8be07491f6ebe1a693f17d4f11e69d0dc1811fa082736500f649f79df7735303"},
    {file = "psutil-6.1.1-cp37-abi3-win32.whl", hash = "sha256:eaa912e0b11848c4d9279a93d7e2783df352b082f40111e078388701fd479e53"},
    {file = "psutil-6.1.1-cp37-abi3-win_amd64.whl", hash = "sha256:f35cfccb065fff93529d2afb4a2e89e363fe63ca1e4a5da22b603a85833c2649"},
    {file = "psutil-6.1.1.tar.gz", hash = "sha256:cf8496728c18f2d0b45198f06895be52f36611711746b7f30c464b422b50e2f5"},
]

[package.extras]
dev = ["abi3audit", "black", "check-manifest", "coverage", "packaging", "pylint", "pyperf", "pypinfo", "pytest-cov", "requests", "rstcheck", "ruff", "sphinx", "sphinx_rtd_theme", "toml-sort", "twine", "virtualenv", "vulture", "wheel"]
test = ["pytest", "pytest-xdist", "setuptools"]

[[package]]
name = "pyasn1"
version = "0.6.2"
description = "Pure-Python implementation of ASN.1 types and DER/BER/CER codecs (X.208)"
optional = false
python-versions = ">=3.8"
groups = ["main"]
files = [
    {file = "pyasn1-0.6.2-py3-none-any.whl", hash = "sha256:1eb26d860996a18e9b6ed05e7aae0e9fc21619fcee6af91cca9bad4fbea224bf"},
    {file = "pyasn1-0.6.2.tar.gz", hash = "sha256:9b59a2b25ba7e4f8197db7686c09fb33e658b98339fadb826e9512629017833b"},
]

[[package]]
name = "pydantic"
version = "2.13.1"
description = "Data validation using Python type hints"
optional = false
python-versions = ">=3.9"
groups = ["main"]
files = [
    {file = "pydantic-2.13.1-py3-none-any.whl", hash = "sha256:9557ecc2806faaf6037f85b1fbd963d01e30511c48085f0d573650fdeaad378a"},
    {file = "pydantic-2.13.1.tar.gz", hash = "sha256:a0f829b279ddd1e39291133fe2539d2aa46cc6b150c1706a270ff0879e3774d2"},
]

[package.dependencies]
annotated-types = ">=0.6.0"
pydantic-core = "2.46.1"
typing-extensions = ">=4.14.1"
typing-inspection = ">=0.4.2"

[package.extras]
email = ["email-validator (>=2.0.0)"]
timezone = ["tzdata ; python_version >= \"3.9\" and platform_system == \"Windows\""]

[[package]]
name = "pydantic-core"
version = "2.46.1"
description = "Core functionality for Pydantic validation and serialization"
optional = false
python-versions = ">=3.9"
groups = ["main"]
files = [
    {file = "pydantic_core-2.46.1-cp310-cp310-macosx_10_12_x86_64.whl", hash = "sha256:84eb5414871fd0293c38d2075802f95030ff11a92cf2189942bf76fd181af77b"},
    {file = "pydantic_core-2.46.1-cp310-cp310-macosx_11_0_arm64.whl", hash = "sha256:5c75fb25db086bf504c55730442e471c12bc9bfae817dd359b1a36bc93049d34"},
    {file = "pydantic_core-2.46.1-cp310-cp310-manylinux_2_17_aarch64.manylinux2014_aarch64.whl", hash = "sha256:29dc09f0221425453fd9f73fd70bba15817d25b95858282702d7305a08d37306"},
    {file = "pydantic_core-2.46.1-cp310-cp310-manylinux_2_17_armv7l.manylinux2014_armv7l.whl", hash = "sha256:139fd6722abc5e6513aa0a27b06ebeb997838c5b179cf5e83862ace45f281c56"},
    {file = "pydantic_core-2.46.1-cp310-cp310-manylinux_2_17_ppc64le.manylinux2014_ppc64le.whl", hash = "sha256:ba723fd8ef6011af71f92ed54adb604e7699d172f4273e4b46f1cfb8ee8d72fd"},
    {file = "pydantic_core-2.46.1-cp310-cp310-manylinux_2_17_s390x.manylinux2014_s390x.whl", hash = "sha256:828410e082555e55da9bbb5e6c17617386fe1415c4d42765a90d372ed9cce813"},
    {file = "pydantic_core-2.46.1-cp310-cp310-manylinux_2_17_x86_64.manylinux2014_x86_64.whl", hash = "sha256:fb5cd53264c9906c163a71b489e9ac71b0ae13a2dd0241e6129f4df38ba1c814"},
    {file = "pydantic_core-2.46.1-cp310-cp310-manylinux_2_31_riscv64.whl", hash = "sha256:4530a6594883d9d4a9c7ef68464ef6b4a88d839e3531c089a3942c78bffe0a66"},
    {file = "pydantic_core-2.46.1-cp310-cp310-manylinux_2_5_i686.manylinux1_i686.whl", hash = "sha256:ed1c71f60abbf9c9a440dc8fc6b1180c45dcab3a5e311250de99744a0166bc95"},
    {file = "pydantic_core-2.46.1-cp310-cp310-musllinux_1_1_aarch64.whl", hash = "sha256:254253491f1b8e3ba18c15fe924bb9b175f1a48413b74e8f0c67b8f51b6f726b"},
    {file = "pydantic_core-2.46.1-cp310-cp310-musllinux_1_1_armv7l.whl", hash = "sha256:dfcf6485ac38698a5b45f37467b8eb2f4f8e3edd5790e2579c5d52fdfffb2e3d"},
    {file = "pydantic_core-2.46.1-cp310-cp310-musllinux_1_1_x86_64.whl", hash = "sha256:592b39150ab5b5a2cb2eb885097ee4c2e4d54e3b902f6ae32528f7e6e42c00fc"},
    {file = "pydantic_core-2.46.1-cp310-cp310-win32.whl", hash = "sha256:eb37b1369ad39ec046a36dc81ffd76870766bda2073f57448bbcb1fd3e4c5ad0"},
    {file = "pydantic_core-2.46.1-cp310-cp310-win_amd64.whl", hash = "sha256:c330dab8254d422880177436a5892ac6d9337afff9fe383fb1f8c6caedb685e1"},
    {file = "pydantic_core-2.46.1-cp311-cp311-macosx_10_12_x86_64.whl", hash = "sha256:f0f84431981c6ae217ebb96c3eca8212f6f5edf116f62f62cc6c7d72971f826c"},
    {file = "pydantic_core-2.46.1-cp311-cp311-macosx_11_0_arm64.whl", hash = "sha256:a05f60b36549f59ab585924410187276ec17a94bae939273a213cea252c8471e"},
    {file = "pydantic_core-2.46.1-cp311-cp311-manylinux_2_17_aarch64.manylinux2014_aarch64.whl", hash = "sha256:b2c93fd1693afdfae7b2897f7530ed3f180d9fc92ee105df3ebdff24d5061cc8"},
    {file = "pydantic_core-2.46.1-cp311-cp311-manylinux_2_17_armv7l.manylinux2014_armv7l.whl", hash = "sha256:0c19983759394c702a776f42f33df8d7bb7883aefaa44a69ba86356a9fd67367"},
    {file = "pydantic_core-2.46.1-cp311-cp311-manylinux_2_17_ppc64le.manylinux2014_ppc64le.whl", hash = "sha256:6e8debf586d7d800a718194417497db5126d4f4302885a2dff721e9df3f4851c"},
    {file = "pydantic_core-2.46.1-cp311-cp311-manylinux_2_17_s390x.manylinux2014_s390x.whl", hash = "sha256:54160da754d63da7780b76e5743d44f026b9daffc6b8c9696a756368c0a298c9"},
    {file = "pydantic_core-2.46.1-cp311-cp311-manylinux_2_17_x86_64.manylinux2014_x86_64.whl", hash = "sha256:74cee962c8b4df9a9b0bb63582e51986127ee2316f0c49143b2996f4b201bd9c"},
    {file = "pydantic_core-2.46.1-cp311-cp311-manylinux_2_31_riscv64.whl", hash = "sha256:0ba3462872a678ebe21b15bd78eff40298b43ea50c26f230ec535c00cf93ec7e"},
    {file = "pydantic_core-2.46.1-cp311-cp311-manylinux_2_5_i686.manylinux1_i686.whl", hash = "sha256:b718873a966d91514c5252775f568985401b54a220919ab22b19a6c4edd8c053"},
    {file = "pydantic_core-2.46.1-cp311-cp311-musllinux_1_1_aarch64.whl", hash = "sha256:cb1310a9fd722da8cceec1fb59875e1c86bee37f0d8a9c667220f00ee722cc8f"},
    {file = "pydantic_core-2.46.1-cp311-cp311-musllinux_1_1_armv7l.whl", hash = "sha256:98e3ede76eb4b9db8e7b5efea07a3f3315135485794a5df91e3adf56c4d573b6"},
    {file = "pydantic_core-2.46.1-cp311-cp311-musllinux_1_1_x86_64.whl", hash = "sha256:780b8f24ff286e21fd010247011a68ea902c34b1eee7d775b598bc28f5f28ab6"},
    {file = "pydantic_core-2.46.1-cp311-cp311-win32.whl", hash = "sha256:1d452f4cad0f39a94414ca68cda7cc55ff4c3801b5ab0bc99818284a3d39f889"},
    {file = "pydantic_core-2.46.1-cp311-cp311-win_amd64.whl", hash = "sha256:f463fd6a67138d70200d2627676e9efbb0cee26d98a5d3042a35aa20f95ec129"},
    {file = "pydantic_core-2.46.1-cp311-cp311-win_arm64.whl", hash = "sha256:155aec0a117140e86775eec113b574c1c299358bfd99467b2ea7b2ea26db2614"},
    {file = "pydantic_core-2.46.1-cp312-cp312-macosx_10_12_x86_64.whl", hash = "sha256:ae8c8c5eb4c796944f3166f2f0dab6c761c2c2cc5bd20e5f692128be8600b9a4"},
    {file = "pydantic_core-2.46.1-cp312-cp312-macosx_11_0_arm64.whl", hash = "sha256:daba6f5f5b986aa0682623a1a4f8d1ecb0ec00ce09cfa9ca71a3b742bc383e3a"},
    {file = "pydantic_core-2.46.1-cp312-cp312-manylinux_2_17_aarch64.manylinux2014_aarch64.whl", hash = "sha256:0265f3a2460539ecc97817a80c7a23c458dd84191229b655522a2674f701f14e"},
    {file = "pydantic_core-2.46.1-cp312-cp312-manylinux_2_17_armv7l.manylinux2014_armv7l.whl", hash = "sha256:bb16c0156c4b4e94aa3719138cc43c53d30ff21126b6a3af63786dcc0757b56e"},
    {file = "pydantic_core-2.46.1-cp312-cp312-manylinux_2_17_ppc64le.manylinux2014_ppc64le.whl", hash = "sha256:1b42d80fad8e4b283e1e4138f1142f0d038c46d137aad2f9824ad9086080dd41"},
    {file = "pydantic_core-2.46.1-cp312-cp312-manylinux_2_17_s390x.manylinux2014_s390x.whl", hash = "sha256:9cced85896d5b795293bc36b7e2fb0347a36c828551b50cbba510510d928548c"},
    {file = "pydantic_core-2.46.1-cp312-cp312-manylinux_2_17_x86_64.manylinux2014_x86_64.whl", hash = "sha256:a641cb1e74b44c418adaf9f5f450670dbec53511f030d8cde8d8accb66edc363"},
    {file = "pydantic_core-2.46.1-cp312-cp312-manylinux_2_31_riscv64.whl", hash = "sha256:191e7a122ab14eb12415fe3f92610fc06c7f1d2b4b9101d24d490d447ac92506"},
    {file = "pydantic_core-2.46.1-cp312-cp312-manylinux_2_5_i686.manylinux1_i686.whl", hash = "sha256:4fe4ff660f7938b5d92f21529ce331b011aa35e481ab64b7cd03f52384e544bb"},
    {file = "pydantic_core-2.46.1-cp312-cp312-musllinux_1_1_aarch64.whl", hash = "sha256:18fcea085b3adc3868d8d19606da52d7a52d8bccd8e28652b0778dbe5e6a6660"},
    {file = "pydantic_core-2.46.1-cp312-cp312-musllinux_1_1_armv7l.whl", hash = "sha256:e8e589e7c9466e022d79e13c5764c2239b2e5a7993ba727822b021234f89b56b"},
    {file = "pydantic_core-2.46.1-cp312-cp312-musllinux_1_1_x86_64.whl", hash = "sha256:f78eb3d4027963bdc9baccd177f02a98bf8714bc51fe17153d8b51218918b5bc"},
    {file = "pydantic_core-2.46.1-cp312-cp312-win32.whl", hash = "sha256:54fe30c20cab03844dc63bdc6ddca67f74a2eb8482df69c1e5f68396856241be"},
    {file = "pydantic_core-2.46.1-cp312-cp312-win_amd64.whl", hash = "sha256:aea4e22ed4c53f2774221435e39969a54d2e783f4aee902cdd6c8011415de893"},
    {file = "pydantic_core-2.46.1-cp312-cp312-win_arm64.whl", hash = "sha256:f76fb49c34b4d66aa6e552ce9e852ea97a3a06301a9f01ae82f23e449e3a55f8"},
    {file = "pydantic_core-2.46.1-cp313-cp313-macosx_10_12_x86_64.whl", hash = "sha256:cdc8a5762a9c4b9d86e204d555444e3227507c92daba06259ee66595834de47a"},
    {file = "pydantic_core-2.46.1-cp313-cp313-macosx_11_0_arm64.whl", hash = "sha256:ba381dfe9c85692c566ecb60fa5a77a697a2a8eebe274ec5e4d6ec15fafad799"},
    {file = "pydantic_core-2.46.1-cp313-cp313-manylinux_2_17_aarch64.manylinux2014_aarch64.whl", hash = "sha256:1593d8de98207466dc070118322fef68307a0cc6a5625e7b386f6fdae57f9ab6"},
    {file = "pydantic_core-2.46.1-cp313-cp313-manylinux_2_17_armv7l.manylinux2014_armv7l.whl", hash = "sha256:8262c74a1af5b0fdf795f5537f7145785a63f9fbf9e15405f547440c30017ed8"},
    {file = "pydantic_core-2.46.1-cp313-cp313-manylinux_2_17_ppc64le.manylinux2014_ppc64le.whl", hash = "sha256:4b88949a24182e83fbbb3f7ca9b7858d0d37b735700ea91081434b7d37b3b444"},
    {file = "pydantic_core-2.46.1-cp313-cp313-manylinux_2_17_s390x.manylinux2014_s390x.whl", hash = "sha256:b8f3708cd55537aeaf3fd0ea55df0d68d0da51dcb07cbc8508745b34acc4c6e0"},
    {file = "pydantic_core-2.46.1-cp313-cp313-manylinux_2_17_x86_64.manylinux2014_x86_64.whl", hash = "sha256:f79292435fff1d4f0c18d9cfaf214025cc88e4f5104bfaed53f173621da1c743"},
    {file = "pydantic_core-2.46.1-cp313-cp313-manylinux_2_31_riscv64.whl", hash = "sha256:a2e607aeb59cf4575bb364470288db3b9a1f0e7415d053a322e3e154c1a0802e"},
    {file = "pydantic_core-2.46.1-cp313-cp313-manylinux_2_5_i686.manylinux1_i686.whl", hash = "sha256:ec5ca190b75878a9f6ae1fc8f5eb678497934475aef3d93204c9fa01e97370b6"},
    {file = "pydantic_core-2.46.1-cp313-cp313-musllinux_1_1_aarch64.whl", hash = "sha256:1f80535259dcdd517d7b8ca588d5ca24b4f337228e583bebedf7a3adcdf5f721"},
    {file = "pydantic_core-2.46.1-cp313-cp313-musllinux_1_1_armv7l.whl", hash = "sha256:24820b3c82c43df61eca30147e42853e6c127d8b868afdc0c162df829e011eb4"},
    {file = "pydantic_core-2.46.1-cp313-cp313-musllinux_1_1_x86_64.whl", hash = "sha256:f12794b1dd8ac9fb66619e0b3a0427189f5d5638e55a3de1385121a9b7bf9b39"},
    {file = "pydantic_core-2.46.1-cp313-cp313-win32.whl", hash = "sha256:9bc09aed935cdf50f09e908923f9efbcca54e9244bd14a5a0e2a6c8d2c21b4e9"},
    {file = "pydantic_core-2.46.1-cp313-cp313-win_amd64.whl", hash = "sha256:fac2d6c8615b8b42bee14677861ba09d56ee076ba4a65cfb9c3c3d0cc89042f2"},
    {file = "pydantic_core-2.46.1-cp313-cp313-win_arm64.whl", hash = "sha256:f978329f12ace9f3cb814a5e44d98bbeced2e36f633132bafa06d2d71332e33e"},
    {file = "pydantic_core-2.46.1-cp314-cp314-macosx_10_12_x86_64.whl", hash = "sha256:9917cb61effac7ec0f448ef491ec7584526d2193be84ff981e85cbf18b68c42a"},
    {file = "pydantic_core-2.46.1-cp314-cp314-macosx_11_0_arm64.whl", hash = "sha256:0e749679ca9f8a9d0bff95fb7f6b57bb53f2207fa42ffcc1ec86de7e0029ab89"},
    {file = "pydantic_core-2.46.1-cp314-cp314-manylinux_2_17_aarch64.manylinux2014_aarch64.whl", hash = "sha256:f2ecacee70941e233a2dad23f7796a06f86cc10cc2fbd1c97c7dd5b5a79ffa4f"},
    {file = "pydantic_core-2.46.1-cp314-cp314-manylinux_2_17_armv7l.manylinux2014_armv7l.whl", hash = "sha256:647d0a2475b8ed471962eed92fa69145b864942f9c6daa10f95ac70676637ae7"},
    {file = "pydantic_core-2.46.1-cp314-cp314-manylinux_2_17_ppc64le.manylinux2014_ppc64le.whl", hash = "sha256:ac9cde61965b0697fce6e6cc372df9e1ad93734828aac36e9c1c42a22ad02897"},
    {file = "pydantic_core-2.46.1-cp314-cp314-manylinux_2_17_s390x.manylinux2014_s390x.whl", hash = "sha256:0a2eb0864085f8b641fb3f54a2fb35c58aff24b175b80bc8a945050fcde03204"},
    {file = "pydantic_core-2.46.1-cp314-cp314-manylinux_2_17_x86_64.manylinux2014_x86_64.whl", hash = "sha256:b83ce9fede4bc4fb649281d9857f06d30198b8f70168f18b987518d713111572"},
    {file = "pydantic_core-2.46.1-cp314-cp314-manylinux_2_31_riscv64.whl", hash = "sha256:cb33192753c60f269d2f4a1db8253c95b0df6e04f2989631a8cc1b0f4f6e2e92"},
    {file = "pydantic_core-2.46.1-cp314-cp314-manylinux_2_5_i686.manylinux1_i686.whl", hash = "sha256:96611d51f953f87e1ae97637c01ee596a08b7f494ea00a5afb67ea6547b9f53b"},
    {file = "pydantic_core-2.46.1-cp314-cp314-musllinux_1_1_aarch64.whl", hash = "sha256:9b176fa55f9107db5e6c86099aa5bfd934f1d3ba6a8b43f714ddeebaed3f42b7"},
    {file = "pydantic_core-2.46.1-cp314-cp314-musllinux_1_1_armv7l.whl", hash = "sha256:79a59f63a4ce4f3330e27e6f3ce281dd1099453b637350e97d7cf24c207cd120"},
    {file = "pydantic_core-2.46.1-cp314-cp314-musllinux_1_1_x86_64.whl", hash = "sha256:f200fce071808a385a314b7343f5e3688d7c45746be3d64dc71ee2d3e2a13268"},
    {file = "pydantic_core-2.46.1-cp314-cp314-win32.whl", hash = "sha256:3a07eccc0559fb9acc26d55b16bf8ebecd7f237c74a9e2c5741367db4e6d8aff"},
    {file = "pydantic_core-2.46.1-cp314-cp314-win_amd64.whl", hash = "sha256:1706d270309ac7d071ffe393988c471363705feb3d009186e55d17786ada9622"},
    {file = "pydantic_core-2.46.1-cp314-cp314-win_arm64.whl", hash = "sha256:22d4e7457ade8af06528012f382bc994a97cc2ce6e119305a70b3deff1e409d6"},
    {file = "pydantic_core-2.46.1-cp314-cp314t-macosx_10_12_x86_64.whl", hash = "sha256:607ff9db0b7e2012e7eef78465e69f9a0d7d1c3e7c6a84cf0c4011db0fcc3feb"},
    {file = "pydantic_core-2.46.1-cp314-cp314t-macosx_11_0_arm64.whl", hash = "sha256:8cda3eacaea13bd02a1bea7e457cc9fc30b91c5a91245cef9b215140f80dd78c"},
    {file = "pydantic_core-2.46.1-cp314-cp314t-manylinux_2_17_aarch64.manylinux2014_aarch64.whl", hash = "sha256:b9493279cdc7997fe19e5ed9b41f30cbc3806bd4722adb402fedb6f6d41bd72a"},
    {file = "pydantic_core-2.46.1-cp314-cp314t-manylinux_2_17_armv7l.manylinux2014_armv7l.whl", hash = "sha256:3644e5e10059999202355b6c6616e624909e23773717d8f76deb8a6e2a72328c"},
    {file = "pydantic_core-2.46.1-cp314-cp314t-manylinux_2_17_ppc64le.manylinux2014_ppc64le.whl", hash = "sha256:4ad6c9de57683e26c92730991960c0c3571b8053263b042de2d3e105930b2767"},
    {file = "pydantic_core-2.46.1-cp314-cp314t-manylinux_2_17_s390x.manylinux2014_s390x.whl", hash = "sha256:557ebaa27c7617e7088002318c679a8ce685fa048523417cd1ca52b7f516d955"},
    {file = "pydantic_core-2.46.1-cp314-cp314t-manylinux_2_17_x86_64.manylinux2014_x86_64.whl", hash = "sha256:3cd37e39b22b796ba0298fe81e9421dd7b65f97acfbb0fb19b33ffdda7b9a7b4"},
    {file = "pydantic_core-2.46.1-cp314-cp314t-manylinux_2_31_riscv64.whl", hash = "sha256:6689443b59714992e67d62505cdd2f952d6cf1c14cc9fd9aeec6719befc6f23b"},
    {file = "pydantic_core-2.46.1-cp314-cp314t-manylinux_2_5_i686.manylinux1_i686.whl", hash = "sha256:6f32c41ca1e3456b5dd691827b7c1433c12d5f0058cc186afbb3615bc07d97b8"},
    {file = "pydantic_core-2.46.1-cp314-cp314t-musllinux_1_1_aarch64.whl", hash = "sha256:88cd1355578852db83954dc36e4f58f299646916da976147c20cf6892ba5dc43"},
    {file = "pydantic_core-2.46.1-cp314-cp314t-musllinux_1_1_armv7l.whl", hash = "sha256:a170fefdb068279a473cc9d34848b85e61d68bfcc2668415b172c5dfc6f213bf"},
    {file = "pydantic_core-2.46.1-cp314-cp314t-musllinux_1_1_x86_64.whl", hash = "sha256:556a63ff1006934dba4eed7ea31b58274c227e29298ec398e4275eda4b905e95"},
    {file = "pydantic_core-2.46.1-cp314-cp314t-win32.whl", hash = "sha256:3b146d8336a995f7d7da6d36e4a779b7e7dff2719ac00a1eb8bd3ded00bec87b"},
    {file = "pydantic_core-2.46.1-cp314-cp314t-win_amd64.whl", hash = "sha256:f1bc856c958e6fe9ec071e210afe6feb695f2e2e81fd8d2b102f558d364c4c17"},
    {file = "pydantic_core-2.46.1-cp314-cp314t-win_arm64.whl", hash = "sha256:21a5bfd8a1aa4de60494cdf66b0c912b1495f26a8899896040021fbd6038d989"},
    {file = "pydantic_core-2.46.1-cp39-cp39-macosx_10_12_x86_64.whl", hash = "sha256:8509c295057f7f43a40c90e5ad9e9b5fbacee389ebee1aeda646e4ba60a136b2"},
    {file = "pydantic_core-2.46.1-cp39-cp39-macosx_11_0_arm64.whl", hash = "sha256:161f9aa1184e6998d642f840eed3142e62989deb65f80d3bb5393f1879ef409e"},
    {file = "pydantic_core-2.46.1-cp39-cp39-manylinux_2_17_aarch64.manylinux2014_aarch64.whl", hash = "sha256:22efeeccb9ff1f2f32d33cef6f6566f3be15cf7b55f182b58c3d23bd6f8095fa"},
    {file = "pydantic_core-2.46.1-cp39-cp39-manylinux_2_17_armv7l.manylinux2014_armv7l.whl", hash = "sha256:5194e7c0b28b18f066d0be82e6bb3a08355ceacd016cac142419e1efae252388"},
    {file = "pydantic_core-2.46.1-cp39-cp39-manylinux_2_17_ppc64le.manylinux2014_ppc64le.whl", hash = "sha256:104625adfb912aac8a512ec40c0a045953ad5070fb09607db280a7381d0d2258"},
    {file = "pydantic_core-2.46.1-cp39-cp39-manylinux_2_17_s390x.manylinux2014_s390x.whl", hash = "sha256:b39e1854a43cb8add63351a2a3e4091b5b0c26fd9cea90404ad8e80ae09fec19"},
    {file = "pydantic_core-2.46.1-cp39-cp39-manylinux_2_17_x86_64.manylinux2014_x86_64.whl", hash = "sha256:1dba87ac7b3b6c60a772097a12a7dbd63930100c961553bd698705ee82bef816"},
    {file = "pydantic_core-2.46.1-cp39-cp39-manylinux_2_31_riscv64.whl", hash = "sha256:89d6ff91d87ef21cab8b5989e60fde5f8b28da5b289b2f881aeab9c223207c2a"},
    {file = "pydantic_core-2.46.1-cp39-cp39-manylinux_2_5_i686.manylinux1_i686.whl", hash = "sha256:8291ef2ef63ed90ef119c2f28930c33a55b892d45868cab8aecaddb97f0de66b"},
    {file = "pydantic_core-2.46.1-cp39-cp39-musllinux_1_1_aarch64.whl", hash = "sha256:7551a20956235ca1332f195cf9399cecccf1a86e5000fa5f33f0b48ebb464327"},
    {file = "pydantic_core-2.46.1-cp39-cp39-musllinux_1_1_armv7l.whl", hash = "sha256:92fd83d0d9808ab26bc83c81c2382b6c2e7291b8e2907f32f40880b665649697"},
    {file = "pydantic_core-2.46.1-cp39-cp39-musllinux_1_1_x86_64.whl", hash = "sha256:4f1955274ab896ca54d34b66d938845beb87f7a9a109641e3a6e316cdc1a2dbf"},
    {file = "pydantic_core-2.46.1-cp39-cp39-win32.whl", hash = "sha256:ef8ced00e0a146f16f8664b1b7e7992de036148d470b6725046ac468e27ddcde"},
    {file = "pydantic_core-2.46.1-cp39-cp39-win_amd64.whl", hash = "sha256:192df1a2b5c48c4ac7d6d461a2e74dbee6de01e3012b4038b1e829634481012e"},
    {file = "pydantic_core-2.46.1-graalpy311-graalpy242_311_native-macosx_10_12_x86_64.whl", hash = "sha256:c56887c0ffa05318128a80303c95066a9d819e5e66d75ff24311d9e0a58d6930"},
    {file = "pydantic_core-2.46.1-graalpy311-graalpy242_311_native-macosx_11_0_arm64.whl", hash = "sha256:614b24b875c1072631065fa85e195b40700586afecb0b27767602007920dacf8"},
    {file = "pydantic_core-2.46.1-graalpy311-graalpy242_311_native-manylinux_2_17_aarch64.manylinux2014_aarch64.whl", hash = "sha256:a6382f6967c48519b6194e9e1e579e5898598b682556260eeaf05910400d827e"},
    {file = "pydantic_core-2.46.1-graalpy311-graalpy242_311_native-manylinux_2_17_x86_64.manylinux2014_x86_64.whl", hash = "sha256:93cb8aa6c93fb833bb53f3a2841fbea6b4dc077453cd5b30c0634af3dee69369"},
    {file = "pydantic_core-2.46.1-graalpy312-graalpy250_312_native-macosx_10_12_x86_64.whl", hash = "sha256:5f9107a24a4bc00293434dfa95cf8968751ad0dd703b26ea83a75a56f7326041"},
    {file = "pydantic_core-2.46.1-graalpy312-graalpy250_312_native-macosx_11_0_arm64.whl", hash = "sha256:2b1801ba99876984d0a03362782819238141c4d0f3f67f69093663691332fc35"},
    {file = "pydantic_core-2.46.1-graalpy312-graalpy250_312_native-manylinux_2_17_aarch64.manylinux2014_aarch64.whl", hash = "sha256:b7fd82a91a20ed6d54fa8c91e7a98255b1ff45bf09b051bfe7fe04eb411e232e"},
    {file = "pydantic_core-2.46.1-graalpy312-graalpy250_312_native-manylinux_2_17_x86_64.manylinux2014_x86_64.whl", hash = "sha256:0f135bf07c92c93def97008bc4496d16934da9efefd7204e5f22a2c92523cb1f"},
    {file = "pydantic_core-2.46.1-pp311-pypy311_pp73-macosx_10_12_x86_64.whl", hash = "sha256:b44b44537efbff2df9567cd6ba51b554d6c009260a021ab25629c81e066f1683"},
    {file = "pydantic_core-2.46.1-pp311-pypy311_pp73-macosx_11_0_arm64.whl", hash = "sha256:8f9ca3af687cc6a5c89aeaa00323222fcbceb4c3cdc78efdac86f46028160c04"},
    {file = "pydantic_core-2.46.1-pp311-pypy311_pp73-manylinux_2_17_x86_64.manylinux2014_x86_64.whl", hash = "sha256:e2678a4cbc205f00a44542dca19d15c11ccddd7440fd9df0e322e2cae55bb67a"},
    {file = "pydantic_core-2.46.1-pp311-pypy311_pp73-manylinux_2_5_i686.manylinux1_i686.whl", hash = "sha256:e5a98cbb03a8a7983b0fb954e0af5e7016587f612e6332c6a4453f413f1d1851"},
    {file = "pydantic_core-2.46.1-pp311-pypy311_pp73-musllinux_1_1_aarch64.whl", hash = "sha256:b2f098b08860bd149e090ad232f27fffb5ecf1bfd9377015445c8e17355ec2d1"},
    {file = "pydantic_core-2.46.1-pp311-pypy311_pp73-musllinux_1_1_armv7l.whl", hash = "sha256:d2623606145b55a96efdd181b015c0356804116b2f14d3c2af4832fe4f45ed5f"},
    {file = "pydantic_core-2.46.1-pp311-pypy311_pp73-musllinux_1_1_x86_64.whl", hash = "sha256:420f515c42aaec607ff720867b300235bd393abd709b26b190ceacb57a9bfc17"},
    {file = "pydantic_core-2.46.1-pp311-pypy311_pp73-win_amd64.whl", hash = "sha256:375cfdd2a1049910c82ba2ff24f948e93599a529e0fdb066d747975ca31fc663"},
    {file = "pydantic_core-2.46.1.tar.gz", hash = "sha256:d408153772d9f298098fb5d620f045bdf0f017af0d5cb6e309ef8c205540caa4"},
]

[package.dependencies]
typing-extensions = ">=4.14.1"

[[package]]
name = "pygments"
version = "2.19.2"
description = "Pygments is a syntax highlighting package written in Python."
optional = false
python-versions = ">=3.8"
groups = ["main"]
files = [
    {file = "pygments-2.19.2-py3-none-any.whl", hash = "sha256:86540386c03d588bb81d44bc3928634ff26449851e99741617ecb9037ee5ec0b"},
    {file = "pygments-2.19.2.tar.gz", hash = "sha256:636cb2477cec7f8952536970bc533bc43743542f70392ae026374600add5b887"},
]

[package.extras]
windows-terminal = ["colorama (>=0.4.6)"]

[[package]]
name = "pysnmp"
version = "7.1.22"
description = "A Python library for SNMP"
optional = false
python-versions = ">=3.10"
groups = ["main"]
files = [
    {file = "pysnmp-7.1.22-py3-none-any.whl", hash = "sha256:57e704a6ba2bbf571d16cd5dc08b89bb3fa0ebeb5f4f26b87fececad3b3de7a6"},
    {file = "pysnmp-7.1.22.tar.gz", hash = "sha256:37ac595c7f0c1c00514505939b4dcf5b4fd5a9ffe51b0349f60bb640c11b0f77"},
]

[package.dependencies]
pyasn1 = ">=0.4.8,<0.5.0 || >0.5.0"

[package.extras]
dev = ["Sphinx (>=7.0.0,<8.0.0)", "bump2version (>=1.0.1)", "codecov (>=2.1.12)", "cryptography (>=44.0.1)", "doc8 (>=1.0.0)", "flake8 (>=7.0.0)", "furo (>=2023.1.1)", "jinja2 (>=3.1.6)", "pep8-naming (>=0.14.1)", "pre-commit (==2.21.0)", "pysmi (>=1.6.1)", "pytest (>=7.2.0)", "pytest-asyncio (>=0.21.1)", "pytest-codecov (>=0.4.0)", "pytest-cov (>=4.1.0)", "ruff (>=0.11.7)", "sphinx-copybutton (>=0.5.2)", "sphinx-notfound-page (>=1.0.0)", "sphinx-polyversion (>=1.0.0)", "sphinx-sitemap-lextudio (>=2.5.2)"]

[[package]]
name = "rich"
version = "14.3.3"
description = "Render rich text, tables, progress bars, syntax highlighting, markdown and more to the terminal"
optional = false
python-versions = ">=3.8.0"
groups = ["main"]
files = [
    {file = "rich-14.3.3-py3-none-any.whl", hash = "sha256:793431c1f8619afa7d3b52b2cdec859562b950ea0d4b6b505397612db8d5362d"},
    {file = "rich-14.3.3.tar.gz", hash = "sha256:b8daa0b9e4eef54dd8cf7c86c03713f53241884e814f4e2f5fb342fe520f639b"},
]

[package.dependencies]
markdown-it-py = ">=2.2.0"
pygments = ">=2.13.0,<3.0.0"

[package.extras]
jupyter = ["ipywidgets (>=7.5.1,<9)"]

[[package]]
name = "ruff"
version = "0.15.6"
description = "An extremely fast Python linter and code formatter, written in Rust."
optional = false
python-versions = ">=3.7"
groups = ["dev"]
files = [
    {file = "ruff-0.15.6-py3-none-linux_armv6l.whl", hash = "sha256:7c98c3b16407b2cf3d0f2b80c80187384bc92c6774d85fefa913ecd941256fff"},
    {file = "ruff-0.15.6-py3-none-macosx_10_12_x86_64.whl", hash = "sha256:ee7dcfaad8b282a284df4aa6ddc2741b3f4a18b0555d626805555a820ea181c3"},
    {file = "ruff-0.15.6-py3-none-macosx_11_0_arm64.whl", hash = "sha256:3bd9967851a25f038fc8b9ae88a7fbd1b609f30349231dffaa37b6804923c4bb"},
    {file = "ruff-0.15.6-py3-none-manylinux_2_17_aarch64.manylinux2014_aarch64.whl", hash = "sha256:13f4594b04e42cd24a41da653886b04d2ff87adbf57497ed4f728b0e8a4866f8"},
    {file = "ruff-0.15.6-py3-none-manylinux_2_17_armv7l.manylinux2014_armv7l.whl", hash = "sha256:e2ed8aea2f3fe57886d3f00ea5b8aae5bf68d5e195f487f037a955ff9fbaac9e"},
    {file = "ruff-0.15.6-py3-none-manylinux_2_17_i686.manylinux2014_i686.whl", hash = "sha256:70789d3e7830b848b548aae96766431c0dc01a6c78c13381f423bf7076c66d15"},
    {file = "ruff-0.15.6-py3-none-manylinux_2_17_ppc64le.manylinux2014_ppc64le.whl", hash = "sha256:542aaf1de3154cea088ced5a819ce872611256ffe2498e750bbae5247a8114e9"},
    {file = "ruff-0.15.6-py3-none-manylinux_2_17_s390x.manylinux2014_s390x.whl", hash = "sha256:1c22e6f02c16cfac3888aa636e9eba857254d15bbacc9906c9689fdecb1953ab"},
    {file = "ruff-0.15.6-py3-none-manylinux_2_17_x86_64.manylinux2014_x86_64.whl", hash = "sha256:98893c4c0aadc8e448cfa315bd0cc343a5323d740fe5f28ef8a3f9e21b381f7e"},
    {file = "ruff-0.15.6-py3-none-manylinux_2_31_riscv64.whl", hash = "sha256:70d263770d234912374493e8cc1e7385c5d49376e41dfa51c5c3453169dc581c"},
    {file = "ruff-0.15.6-py3-none-musllinux_1_2_aarch64.whl", hash = "sha256:55a1ad63c5a6e54b1f21b7514dfadc0c7fb40093fa22e95143cf3f64ebdcd512"},
    {file = "ruff-0.15.6-py3-none-musllinux_1_2_armv7l.whl", hash = "sha256:8dc473ba093c5ec238bb1e7429ee676dca24643c471e11fbaa8a857925b061c0"},
    {file = "ruff-0.15.6-py3-none-musllinux_1_2_i686.whl", hash = "sha256:85b042377c2a5561131767974617006f99f7e13c63c111b998f29fc1e58a4cfb"},
    {file = "ruff-0.15.6-py3-none-musllinux_1_2_x86_64.whl", hash = "sha256:cef49e30bc5a86a6a92098a7fbf6e467a234d90b63305d6f3ec01225a9d092e0"},
    {file = "ruff-0.15.6-py3-none-win32.whl", hash = "sha256:bbf67d39832404812a2d23020dda68fee7f18ce15654e96fb1d3ad21a5fe436c"},
    {file = "ruff-0.15.6-py3-none-win_amd64.whl", hash = "sha256:aee25bc84c2f1007ecb5037dff75cef00414fdf17c23f07dc13e577883dca406"},
    {file = "ruff-0.15.6-py3-none-win_arm64.whl", hash = "sha256:c34de3dd0b0ba203be50ae70f5910b17188556630e2178fd7d79fc030eb0d837"},
    {file = "ruff-0.15.6.tar.gz", hash = "sha256:8394c7bb153a4e3811a4ecdacd4a8e6a4fa8097028119160dffecdcdf9b56ae4"},
]

[[package]]
name = "shellingham"
version = "1.5.4"
description = "Tool to Detect Surrounding Shell"
optional = false
python-versions = ">=3.7"
groups = ["main"]
files = [
    {file = "shellingham-1.5.4-py2.py3-none-any.whl", hash = "sha256:7ecfff8f2fd72616f7481040475a65b2bf8af90a56c89140852d1120324e8686"},
    {file = "shellingham-1.5.4.tar.gz", hash = "sha256:8dbca0739d487e5bd35ab3ca4b36e11c4078f3a234bfce294b0a0291363404de"},
]

[[package]]
name = "taskipy"
version = "1.14.1"
description = "tasks runner for python projects"
optional = false
python-versions = "<4.0,>=3.6"
groups = ["dev"]
files = [
    {file = "taskipy-1.14.1-py3-none-any.whl", hash = "sha256:6e361520f29a0fd2159848e953599f9c75b1d0b047461e4965069caeb94908f1"},
    {file = "taskipy-1.14.1.tar.gz", hash = "sha256:410fbcf89692dfd4b9f39c2b49e1750b0a7b81affd0e2d7ea8c35f9d6a4774ed"},
]

[package.dependencies]
colorama = ">=0.4.4,<0.5.0"
mslex = {version = ">=1.1.0,<2.0.0", markers = "sys_platform == \"win32\""}
psutil = ">=5.7.2,<7"
tomli = {version = ">=2.0.1,<3.0.0", markers = "python_version >= \"3.7\" and python_version < \"4.0\""}

[[package]]
name = "tomli"
version = "2.4.0"
description = "A lil' TOML parser"
optional = false
python-versions = ">=3.8"
groups = ["dev"]
files = [
    {file = "tomli-2.4.0-cp311-cp311-macosx_10_9_x86_64.whl", hash = "sha256:b5ef256a3fd497d4973c11bf142e9ed78b150d36f5773f1ca6088c230ffc5867"},
    {file = "tomli-2.4.0-cp311-cp311-macosx_11_0_arm64.whl", hash = "sha256:5572e41282d5268eb09a697c89a7bee84fae66511f87533a6f88bd2f7b652da9"},
    {file = "tomli-2.4.0-cp311-cp311-manylinux2014_aarch64.manylinux_2_17_aarch64.manylinux_2_28_aarch64.whl", hash = "sha256:551e321c6ba03b55676970b47cb1b73f14a0a4dce6a3e1a9458fd6d921d72e95"},
    {file = "tomli-2.4.0-cp311-cp311-manylinux2014_x86_64.manylinux_2_17_x86_64.manylinux_2_28_x86_64.whl", hash = "sha256:5e3f639a7a8f10069d0e15408c0b96a2a828cfdec6fca05296ebcdcc28ca7c76"},
    {file = "tomli-2.4.0-cp311-cp311-musllinux_1_2_aarch64.whl", hash = "sha256:1b168f2731796b045128c45982d3a4874057626da0e2ef1fdd722848b741361d"},
    {file = "tomli-2.4.0-cp311-cp311-musllinux_1_2_x86_64.whl", hash = "sha256:133e93646ec4300d651839d382d63edff11d8978be23da4cc106f5a18b7d0576"},
    {file = "tomli-2.4.0-cp311-cp311-win32.whl", hash = "sha256:b6c78bdf37764092d369722d9946cb65b8767bfa4110f902a1b2542d8d173c8a"},
    {file = "tomli-2.4.0-cp311-cp311-win_amd64.whl", hash = "sha256:d3d1654e11d724760cdb37a3d7691f0be9db5fbdaef59c9f532aabf87006dbaa"},
    {file = "tomli-2.4.0-cp311-cp311-win_arm64.whl", hash = "sha256:cae9c19ed12d4e8f3ebf46d1a75090e4c0dc16271c5bce1c833ac168f08fb614"},
    {file = "tomli-2.4.0-cp312-cp312-macosx_10_13_x86_64.whl", hash = "sha256:920b1de295e72887bafa3ad9f7a792f811847d57ea6b1215154030cf131f16b1"},
    {file = "tomli-2.4.0-cp312-cp312-macosx_11_0_arm64.whl", hash = "sha256:7d6d9a4aee98fac3eab4952ad1d73aee87359452d1c086b5ceb43ed02ddb16b8"},
    {file = "tomli-2.4.0-cp312-cp312-manylinux2014_aarch64.manylinux_2_17_aarch64.manylinux_2_28_aarch64.whl", hash = "sha256:36b9d05b51e65b254ea6c2585b59d2c4cb91c8a3d91d0ed0f17591a29aaea54a"},
    {file = "tomli-2.4.0-cp312-cp312-manylinux2014_x86_64.manylinux_2_17_x86_64.manylinux_2_28_x86_64.whl", hash = "sha256:1c8a885b370751837c029ef9bc014f27d80840e48bac415f3412e6593bbc18c1"},
    {file = "tomli-2.4.0-cp312-cp312-musllinux_1_2_aarch64.whl", hash = "sha256:8768715ffc41f0008abe25d808c20c3d990f42b6e2e58305d5da280ae7d1fa3b"},
    {file = "tomli-2.4.0-cp312-cp312-musllinux_1_2_x86_64.whl", hash = "sha256:7b438885858efd5be02a9a133caf5812b8776ee0c969fea02c45e8e3f296ba51"},
    {file = "tomli-2.4.0-cp312-cp312-win32.whl", hash = "sha256:0408e3de5ec77cc7f81960c362543cbbd91ef883e3138e81b729fc3eea5b9729"},
    {file = "tomli-2.4.0-cp312-cp312-win_amd64.whl", hash = "sha256:685306e2cc7da35be4ee914fd34ab801a6acacb061b6a7abca922aaf9ad368da"},
    {file = "tomli-2.4.0-cp312-cp312-win_arm64.whl", hash = "sha256:5aa48d7c2356055feef06a43611fc401a07337d5b006be13a30f6c58f869e3c3"},
    {file = "tomli-2.4.0-cp313-cp313-macosx_10_13_x86_64.whl", hash = "sha256:84d081fbc252d1b6a982e1870660e7330fb8f90f676f6e78b052ad4e64714bf0"},
    {file = "tomli-2.4.0-cp313-cp313-macosx_11_0_arm64.whl", hash = "sha256:9a08144fa4cba33db5255f9b74f0b89888622109bd2776148f2597447f92a94e"},
    {file = "tomli-2.4.0-cp313-cp313-manylinux2014_aarch64.manylinux_2_17_aarch64.manylinux_2_28_aarch64.whl", hash = "sha256:c73add4bb52a206fd0c0723432db123c0c75c280cbd67174dd9d2db228ebb1b4"},
    {file = "tomli-2.4.0-cp313-cp313-manylinux2014_x86_64.manylinux_2_17_x86_64.manylinux_2_28_x86_64.whl", hash = "sha256:1fb2945cbe303b1419e2706e711b7113da57b7db31ee378d08712d678a34e51e"},
    {file = "tomli-2.4.0-cp313-cp313-musllinux_1_2_aarch64.whl", hash = "sha256:bbb1b10aa643d973366dc2cb1ad94f99c1726a02343d43cbc011edbfac579e7c"},
    {file = "tomli-2.4.0-cp313-cp313-musllinux_1_2_x86_64.whl", hash = "sha256:4cbcb367d44a1f0c2be408758b43e1ffb5308abe0ea222897d6bfc8e8281ef2f"},
    {file = "tomli-2.4.0-cp313-cp313-win32.whl", hash = "sha256:7d49c66a7d5e56ac959cb6fc583aff0651094ec071ba9ad43df785abc2320d86"},
    {file = "tomli-2.4.0-cp313-cp313-win_amd64.whl", hash = "sha256:3cf226acb51d8f1c394c1b310e0e0e61fecdd7adcb78d01e294ac297dd2e7f87"},
    {file = "tomli-2.4.0-cp313-cp313-win_arm64.whl", hash = "sha256:d20b797a5c1ad80c516e41bc1fb0443ddb5006e9aaa7bda2d71978346aeb9132"},
    {file = "tomli-2.4.0-cp314-cp314-macosx_10_15_x86_64.whl", hash = "sha256:26ab906a1eb794cd4e103691daa23d95c6919cc2fa9160000ac02370cc9dd3f6"},
    {file = "tomli-2.4.0-cp314-cp314-macosx_11_0_arm64.whl", hash = "sha256:20cedb4ee43278bc4f2fee6cb50daec836959aadaf948db5172e776dd3d993fc"},
    {file = "tomli-2.4.0-cp314-cp314-manylinux2014_aarch64.manylinux_2_17_aarch64.manylinux_2_28_aarch64.whl", hash = "sha256:39b0b5d1b6dd03684b3fb276407ebed7090bbec989fa55838c98560c01113b66"},
    {file = "tomli-2.4.0-cp314-cp314-manylinux2014_x86_64.manylinux_2_17_x86_64.manylinux_2_28_x86_64.whl", hash = "sha256:a26d7ff68dfdb9f87a016ecfd1e1c2bacbe3108f4e0f8bcd2228ef9a766c787d"},
    {file = "tomli-2.4.0-cp314-cp314-musllinux_1_2_aarch64.whl", hash = "sha256:20ffd184fb1df76a66e34bd1b36b4a4641bd2b82954befa32fe8163e79f1a702"},
    {file = "tomli-2.4.0-cp314-cp314-musllinux_1_2_x86_64.whl", hash = "sha256:75c2f8bbddf170e8effc98f5e9084a8751f8174ea6ccf4fca5398436e0320bc8"},
    {file = "tomli-2.4.0-cp314-cp314-win32.whl", hash = "sha256:31d556d079d72db7c584c0627ff3a24c5d3fb4f730221d3444f3efb1b2514776"},
    {file = "tomli-2.4.0-cp314-cp314-win_amd64.whl", hash = "sha256:43e685b9b2341681907759cf3a04e14d7104b3580f808cfde1dfdb60ada85475"},
    {file = "tomli-2.4.0-cp314-cp314-win_arm64.whl", hash = "sha256:3d895d56bd3f82ddd6faaff993c275efc2ff38e52322ea264122d72729dca2b2"},
    {file = "tomli-2.4.0-cp314-cp314t-macosx_10_15_x86_64.whl", hash = "sha256:5b5807f3999fb66776dbce568cc9a828544244a8eb84b84b9bafc080c99597b9"},
    {file = "tomli-2.4.0-cp314-cp314t-macosx_11_0_arm64.whl", hash = "sha256:c084ad935abe686bd9c898e62a02a19abfc9760b5a79bc29644463eaf2840cb0"},
    {file = "tomli-2.4.0-cp314-cp314t-manylinux2014_aarch64.manylinux_2_17_aarch64.manylinux_2_28_aarch64.whl", hash = "sha256:0f2e3955efea4d1cfbcb87bc321e00dc08d2bcb737fd1d5e398af111d86db5df"},
    {file = "tomli-2.4.0-cp314-cp314t-manylinux2014_x86_64.manylinux_2_17_x86_64.manylinux_2_28_x86_64.whl", hash = "sha256:0e0fe8a0b8312acf3a88077a0802565cb09ee34107813bba1c7cd591fa6cfc8d"},
    {file = "tomli-2.4.0-cp314-cp314t-musllinux_1_2_aarch64.whl", hash = "sha256:413540dce94673591859c4c6f794dfeaa845e98bf35d72ed59636f869ef9f86f"},
    {file = "tomli-2.4.0-cp314-cp314t-musllinux_1_2_x86_64.whl", hash = "sha256:0dc56fef0e2c1c470aeac5b6ca8cc7b640bb93e92d9803ddaf9ea03e198f5b0b"},
    {file = "tomli-2.4.0-cp314-cp314t-win32.whl", hash = "sha256:d878f2a6707cc9d53a1be1414bbb419e629c3d6e67f69230217bb663e76b5087"},
    {file = "tomli-2.4.0-cp314-cp314t-win_amd64.whl", hash = "sha256:2add28aacc7425117ff6364fe9e06a183bb0251b03f986df0e78e974047571fd"},
    {file = "tomli-2.4.0-cp314-cp314t-win_arm64.whl", hash = "sha256:2b1e3b80e1d5e52e40e9b924ec43d81570f0e7d09d11081b797bc4692765a3d4"},
    {file = "tomli-2.4.0-py3-none-any.whl", hash = "sha256:1f776e7d669ebceb01dee46484485f43a4048746235e683bcdffacdf1fb4785a"},
    {file = "tomli-2.4.0.tar.gz", hash = "sha256:aa89c3f6c277dd275d8e243ad24f3b5e701491a860d5121f2cdd399fbb31fc9c"},
]

[[package]]
name = "typer"
version = "0.24.1"
description = "Typer, build great CLIs. Easy to code. Based on Python type hints."
optional = false
python-versions = ">=3.10"
groups = ["main"]
files = [
    {file = "typer-0.24.1-py3-none-any.whl", hash = "sha256:112c1f0ce578bfb4cab9ffdabc68f031416ebcc216536611ba21f04e9aa84c9e"},
    {file = "typer-0.24.1.tar.gz", hash = "sha256:e39b4732d65fbdcde189ae76cf7cd48aeae72919dea1fdfc16593be016256b45"},
]

[package.dependencies]
annotated-doc = ">=0.0.2"
click = ">=8.2.1"
rich = ">=12.3.0"
shellingham = ">=1.3.0"

[[package]]
name = "typing-extensions"
version = "4.15.0"
description = "Backported and Experimental Type Hints for Python 3.9+"
optional = false
python-versions = ">=3.9"
groups = ["main"]
files = [
    {file = "typing_extensions-4.15.0-py3-none-any.whl", hash = "sha256:f0fa19c6845758ab08074a0cfa8b7aecb71c999ca73d62883bc25cc018c4e548"},
    {file = "typing_extensions-4.15.0.tar.gz", hash = "sha256:0cea48d173cc12fa28ecabc3b837ea3cf6f38c6d1136f85cbaaf598984861466"},
]

[[package]]
name = "typing-inspection"
version = "0.4.2"
description = "Runtime typing introspection tools"
optional = false
python-versions = ">=3.9"
groups = ["main"]
files = [
    {file = "typing_inspection-0.4.2-py3-none-any.whl", hash = "sha256:4ed1cacbdc298c220f1bd249ed5287caa16f34d44ef4e9c3d0cbad5b521545e7"},
    {file = "typing_inspection-0.4.2.tar.gz", hash = "sha256:ba561c48a67c5958007083d386c3295464928b01faa735ab8547c5692e87f464"},
]

[package.dependencies]
typing-extensions = ">=4.12.0"

[[package]]
name = "upnpy"
version = "1.1.8"
description = "Lightweight UPnP client library for Python."
optional = false
python-versions = "*"
groups = ["main"]
files = [
    {file = "UPnPy-1.1.8.tar.gz", hash = "sha256:f43acab6271c25d8073d0e8549cd62a349abdd0a8cb9c21d036bea6132eb632e"},
]

[[package]]
name = "wcwidth"
version = "0.6.0"
description = "Measures the displayed width of unicode strings in a terminal"
optional = false
python-versions = ">=3.8"
groups = ["main"]
files = [
    {file = "wcwidth-0.6.0-py3-none-any.whl", hash = "sha256:1a3a1e510b553315f8e146c54764f4fb6264ffad731b3d78088cdb1478ffbdad"},
    {file = "wcwidth-0.6.0.tar.gz", hash = "sha256:cdc4e4262d6ef9a1a57e018384cbeb1208d8abbc64176027e2c2455c81313159"},
]

[metadata]
lock-version = "2.1"
python-versions = "^3.13"
content-hash = "9040375dad90506e0d339c09604a3788f5524889103e577744909fc80c2f5dd4"
